
Microsoft Visual Studio Solution File, Format Version 12.00
# Visual Studio 14
VisualStudioVersion = 14.0.25420.1
MinimumVisualStudioVersion = 10.0.40219.1
Project("{8BC9CEB8-8B4A-11D0-8D11-00A0C91BC942}") = "Boids", "Boids\Boids.vcxproj", "{64383153-6C27-4E80-9BDF-627C6F20D8AE}"
EndProject
Global
	GlobalSection(SolutionConfigurationPlatforms) = preSolution
		Debug|x64 = Debug|x64
		Debug|x86 = Debug|x86
		Release|x64 = Release|x64
		Release|x86 = Release|x86
	EndGlobalSection
	GlobalSection(ProjectConfigurationPlatforms) = postSolution
		{64383153-6C27-4E80-9BDF-627C6F20D8AE}.Debug|x64.ActiveCfg = Debug|x64
		{64383153-6C27-4E80-9BDF-627C6F20D8AE}.Debug|x64.Build.0 = Debug|x64
		{64383153-6C27-4E80-9BDF-627C6F20D8AE}.Debug|x86.ActiveCfg = Debug|Win32
		{64383153-6C27-4E80-9BDF-627C6F20D8AE}.Debug|x86.Build.0 = Debug|Win32
		{64383153-6C27-4E80-9BDF-627C6F20D8AE}.Release|x64.ActiveCfg = Release|x64
		{64383153-6C27-4E80-9BDF-627C6F20D8AE}.Release|x64.Build.0 = Release|x64
		{64383153-6C27-4E80-9BDF-627C6F20D8AE}.Release|x86.ActiveCfg = Release|Win32
		{64383153-6C27-4E80-9BDF-627C6F20D8AE}.Release|x86.Build.0 = Release|Win32
	EndGlobalSection
	GlobalSection(SolutionProperties) = preSolution
		HideSolutionNode = FALSE
	EndGlobalSection
EndGlobal
